// !$*UTF8*$!
{
	archiveVersion = 1;
	classes = {
	};
	objectVersion = 53;
	objects = {

/* Begin PBXBuildFile section */
		360BA329247E87AF006C51FC /* CalcButton.swift in Sources */ = {isa = PBXBuildFile; fileRef = 360BA328247E87AE006C51FC /* CalcButton.swift */; };
		360BA32B247E87D6006C51FC /* MathOperation.swift in Sources */ = {isa = PBXBuildFile; fileRef = 360BA32A247E87D6006C51FC /* MathOperation.swift */; };
		36161EBB247EC73C0076173B /* PackingExample.swift in Sources */ = {isa = PBXBuildFile; fileRef = 36161EBA247EC73C0076173B /* PackingExample.swift */; };
		36161EBD247ECDAD0076173B /* SpacingExample.swift in Sources */ = {isa = PBXBuildFile; fileRef = 36161EBC247ECDAC0076173B /* SpacingExample.swift */; };
		366A041829C839D90059EB43 /* ExyteGrid in Frameworks */ = {isa = PBXBuildFile; productRef = 366A041729C839D90059EB43 /* ExyteGrid */; };
		366A041E29C83BA40059EB43 /* App.swift in Sources */ = {isa = PBXBuildFile; fileRef = 366A041D29C83BA40059EB43 /* App.swift */; };
		366A042029C83F0A0059EB43 /* LaunchScreen.xib in Resources */ = {isa = PBXBuildFile; fileRef = 607FACDE1AFB9204008FA782 /* LaunchScreen.xib */; platformFilter = ios; };
		366B25072474F78E00F1DD09 /* ContentView.swift in Sources */ = {isa = PBXBuildFile; fileRef = 366B25062474F78E00F1DD09 /* ContentView.swift */; };
		36A6C9FB247FBB8E005F5E7E /* ColorView.swift in Sources */ = {isa = PBXBuildFile; fileRef = 36A6C9FA247FBB8E005F5E7E /* ColorView.swift */; };
		36A6C9FD247FBBDC005F5E7E /* Color+brightness.swift in Sources */ = {isa = PBXBuildFile; fileRef = 36A6C9FC247FBBDC005F5E7E /* Color+brightness.swift */; };
		36A6C9FF247FBC25005F5E7E /* FlowExample.swift in Sources */ = {isa = PBXBuildFile; fileRef = 36A6C9FE247FBC25005F5E7E /* FlowExample.swift */; };
		36A6CA01247FBC67005F5E7E /* ContentModeExample.swift in Sources */ = {isa = PBXBuildFile; fileRef = 36A6CA00247FBC66005F5E7E /* ContentModeExample.swift */; };
		36A6CA03247FBC7C005F5E7E /* CardViews.swift in Sources */ = {isa = PBXBuildFile; fileRef = 36A6CA02247FBC7C005F5E7E /* CardViews.swift */; };
		36A6CA05247FBD05005F5E7E /* Helpers.swift in Sources */ = {isa = PBXBuildFile; fileRef = 36A6CA04247FBD05005F5E7E /* Helpers.swift */; };
		36A6CA07247FD813005F5E7E /* SpansExample.swift in Sources */ = {isa = PBXBuildFile; fileRef = 36A6CA06247FD813005F5E7E /* SpansExample.swift */; };
		36A6CA0924801EA6005F5E7E /* StartsExample.swift in Sources */ = {isa = PBXBuildFile; fileRef = 36A6CA0824801EA6005F5E7E /* StartsExample.swift */; };
		36B11E512475539700CDAE27 /* Calculator.swift in Sources */ = {isa = PBXBuildFile; fileRef = 36B11E502475539700CDAE27 /* Calculator.swift */; platformFilter = ios; };
		36BECA6E29C82DF30077D30F /* Assets.xcassets in Resources */ = {isa = PBXBuildFile; fileRef = 36AA6FE225304C110072AEBA /* Assets.xcassets */; };
		36F6C22A2476D919001818F2 /* Color+hex.swift in Sources */ = {isa = PBXBuildFile; fileRef = 36F6C2292476D919001818F2 /* Color+hex.swift */; };
/* End PBXBuildFile section */

/* Begin PBXFileReference section */
		360BA328247E87AE006C51FC /* CalcButton.swift */ = {isa = PBXFileReference; lastKnownFileType = sourcecode.swift; path = CalcButton.swift; sourceTree = "<group>"; };
		360BA32A247E87D6006C51FC /* MathOperation.swift */ = {isa = PBXFileReference; lastKnownFileType = sourcecode.swift; path = MathOperation.swift; sourceTree = "<group>"; };
		36161EBA247EC73C0076173B /* PackingExample.swift */ = {isa = PBXFileReference; lastKnownFileType = sourcecode.swift; path = PackingExample.swift; sourceTree = "<group>"; };
		36161EBC247ECDAC0076173B /* SpacingExample.swift */ = {isa = PBXFileReference; lastKnownFileType = sourcecode.swift; path = SpacingExample.swift; sourceTree = "<group>"; };
		366A041529C839A20059EB43 /* Grid */ = {isa = PBXFileReference; lastKnownFileType = wrapper; name = Grid; path = ..; sourceTree = "<group>"; };
		366A041D29C83BA40059EB43 /* App.swift */ = {isa = PBXFileReference; lastKnownFileType = sourcecode.swift; path = App.swift; sourceTree = "<group>"; };
		366B25062474F78E00F1DD09 /* ContentView.swift */ = {isa = PBXFileReference; fileEncoding = 4; lastKnownFileType = sourcecode.swift; path = ContentView.swift; sourceTree = "<group>"; };
		36A6C9FA247FBB8E005F5E7E /* ColorView.swift */ = {isa = PBXFileReference; lastKnownFileType = sourcecode.swift; path = ColorView.swift; sourceTree = "<group>"; };
		36A6C9FC247FBBDC005F5E7E /* Color+brightness.swift */ = {isa = PBXFileReference; lastKnownFileType = sourcecode.swift; path = "Color+brightness.swift"; sourceTree = "<group>"; };
		36A6C9FE247FBC25005F5E7E /* FlowExample.swift */ = {isa = PBXFileReference; lastKnownFileType = sourcecode.swift; path = FlowExample.swift; sourceTree = "<group>"; };
		36A6CA00247FBC66005F5E7E /* ContentModeExample.swift */ = {isa = PBXFileReference; lastKnownFileType = sourcecode.swift; path = ContentModeExample.swift; sourceTree = "<group>"; };
		36A6CA02247FBC7C005F5E7E /* CardViews.swift */ = {isa = PBXFileReference; lastKnownFileType = sourcecode.swift; path = CardViews.swift; sourceTree = "<group>"; };
		36A6CA04247FBD05005F5E7E /* Helpers.swift */ = {isa = PBXFileReference; lastKnownFileType = sourcecode.swift; path = Helpers.swift; sourceTree = "<group>"; };
		36A6CA06247FD813005F5E7E /* SpansExample.swift */ = {isa = PBXFileReference; lastKnownFileType = sourcecode.swift; path = SpansExample.swift; sourceTree = "<group>"; };
		36A6CA0824801EA6005F5E7E /* StartsExample.swift */ = {isa = PBXFileReference; lastKnownFileType = sourcecode.swift; path = StartsExample.swift; sourceTree = "<group>"; };
		36AA6FE225304C110072AEBA /* Assets.xcassets */ = {isa = PBXFileReference; lastKnownFileType = folder.assetcatalog; path = Assets.xcassets; sourceTree = "<group>"; };
		36B11E502475539700CDAE27 /* Calculator.swift */ = {isa = PBXFileReference; lastKnownFileType = sourcecode.swift; path = Calculator.swift; sourceTree = "<group>"; };
		36F6C2292476D919001818F2 /* Color+hex.swift */ = {isa = PBXFileReference; lastKnownFileType = sourcecode.swift; path = "Color+hex.swift"; sourceTree = "<group>"; };
		607FACD01AFB9204008FA782 /* Grid_Example.app */ = {isa = PBXFileReference; explicitFileType = wrapper.application; includeInIndex = 0; path = Grid_Example.app; sourceTree = BUILT_PRODUCTS_DIR; };
		607FACDF1AFB9204008FA782 /* Base */ = {isa = PBXFileReference; lastKnownFileType = file.xib; name = Base; path = Base.lproj/LaunchScreen.xib; sourceTree = "<group>"; };
/* End PBXFileReference section */

/* Begin PBXFrameworksBuildPhase section */
		607FACCD1AFB9204008FA782 /* Frameworks */ = {
			isa = PBXFrameworksBuildPhase;
			buildActionMask = 2147483647;
			files = (
				366A041829C839D90059EB43 /* ExyteGrid in Frameworks */,
			);
			runOnlyForDeploymentPostprocessing = 0;
		};
/* End PBXFrameworksBuildPhase section */

/* Begin PBXGroup section */
		366A041429C839A20059EB43 /* Packages */ = {
			isa = PBXGroup;
			children = (
				366A041529C839A20059EB43 /* Grid */,
			);
			name = Packages;
			sourceTree = "<group>";
		};
		36BECA6B29C82D110077D30F /* Calculator */ = {
			isa = PBXGroup;
			children = (
				36B11E502475539700CDAE27 /* Calculator.swift */,
				360BA328247E87AE006C51FC /* CalcButton.swift */,
				360BA32A247E87D6006C51FC /* MathOperation.swift */,
			);
			path = Calculator;
			sourceTree = "<group>";
		};
		36BECA6C29C82D310077D30F /* Extesions */ = {
			isa = PBXGroup;
			children = (
				36F6C2292476D919001818F2 /* Color+hex.swift */,
				36A6C9FC247FBBDC005F5E7E /* Color+brightness.swift */,
				36A6CA04247FBD05005F5E7E /* Helpers.swift */,
			);
			path = Extesions;
			sourceTree = "<group>";
		};
		36BECA6D29C82D4B0077D30F /* Views */ = {
			isa = PBXGroup;
			children = (
				36A6C9FA247FBB8E005F5E7E /* ColorView.swift */,
				36A6CA02247FBC7C005F5E7E /* CardViews.swift */,
			);
			path = Views;
			sourceTree = "<group>";
		};
		607FACC71AFB9204008FA782 = {
			isa = PBXGroup;
			children = (
				366A041429C839A20059EB43 /* Packages */,
				607FACD21AFB9204008FA782 /* Example */,
				607FACD11AFB9204008FA782 /* Products */,
			);
			sourceTree = "<group>";
		};
		607FACD11AFB9204008FA782 /* Products */ = {
			isa = PBXGroup;
			children = (
				607FACD01AFB9204008FA782 /* Grid_Example.app */,
			);
			name = Products;
			sourceTree = "<group>";
		};
		607FACD21AFB9204008FA782 /* Example */ = {
			isa = PBXGroup;
			children = (
				36BECA6D29C82D4B0077D30F /* Views */,
				36BECA6C29C82D310077D30F /* Extesions */,
				36BECA6B29C82D110077D30F /* Calculator */,
				36161EBA247EC73C0076173B /* PackingExample.swift */,
				36161EBC247ECDAC0076173B /* SpacingExample.swift */,
				36A6C9FE247FBC25005F5E7E /* FlowExample.swift */,
				36A6CA00247FBC66005F5E7E /* ContentModeExample.swift */,
				36A6CA06247FD813005F5E7E /* SpansExample.swift */,
				36A6CA0824801EA6005F5E7E /* StartsExample.swift */,
				366B25062474F78E00F1DD09 /* ContentView.swift */,
				366A041D29C83BA40059EB43 /* App.swift */,
				607FACDE1AFB9204008FA782 /* LaunchScreen.xib */,
				36AA6FE225304C110072AEBA /* Assets.xcassets */,
			);
			path = Example;
			sourceTree = "<group>";
		};
/* End PBXGroup section */

/* Begin PBXNativeTarget section */
		607FACCF1AFB9204008FA782 /* Grid_Example */ = {
			isa = PBXNativeTarget;
			buildConfigurationList = 607FACEF1AFB9204008FA782 /* Build configuration list for PBXNativeTarget "Grid_Example" */;
			buildPhases = (
				36B55FD124752944003F792F /* SwiftLint */,
				607FACCC1AFB9204008FA782 /* Sources */,
				607FACCD1AFB9204008FA782 /* Frameworks */,
				607FACCE1AFB9204008FA782 /* Resources */,
			);
			buildRules = (
			);
			dependencies = (
			);
			name = Grid_Example;
			packageProductDependencies = (
				366A041729C839D90059EB43 /* ExyteGrid */,
			);
			productName = Grid;
			productReference = 607FACD01AFB9204008FA782 /* Grid_Example.app */;
			productType = "com.apple.product-type.application";
		};
/* End PBXNativeTarget section */

/* Begin PBXProject section */
		607FACC81AFB9204008FA782 /* Project object */ = {
			isa = PBXProject;
			attributes = {
				BuildIndependentTargetsInParallel = YES;
				LastSwiftUpdateCheck = 1200;
				LastUpgradeCheck = 1430;
				ORGANIZATIONNAME = Exyte;
				TargetAttributes = {
					607FACCF1AFB9204008FA782 = {
						CreatedOnToolsVersion = 6.3.1;
						DevelopmentTeam = FZXCM5CJ7P;
						LastSwiftMigration = 1140;
					};
				};
			};
			buildConfigurationList = 607FACCB1AFB9204008FA782 /* Build configuration list for PBXProject "Example" */;
			compatibilityVersion = "Xcode 3.2";
			developmentRegion = en;
			hasScannedForEncodings = 0;
			knownRegions = (
				en,
				Base,
			);
			mainGroup = 607FACC71AFB9204008FA782;
			packageReferences = (
			);
			productRefGroup = 607FACD11AFB9204008FA782 /* Products */;
			projectDirPath = "";
			projectRoot = "";
			targets = (
				607FACCF1AFB9204008FA782 /* Grid_Example */,
			);
		};
/* End PBXProject section */

/* Begin PBXResourcesBuildPhase section */
		607FACCE1AFB9204008FA782 /* Resources */ = {
			isa = PBXResourcesBuildPhase;
			buildActionMask = 2147483647;
			files = (
				366A042029C83F0A0059EB43 /* LaunchScreen.xib in Resources */,
				36BECA6E29C82DF30077D30F /* Assets.xcassets in Resources */,
			);
			runOnlyForDeploymentPostprocessing = 0;
		};
/* End PBXResourcesBuildPhase section */

/* Begin PBXShellScriptBuildPhase section */
		36B55FD124752944003F792F /* SwiftLint */ = {
			isa = PBXShellScriptBuildPhase;
			buildActionMask = 2147483647;
			files = (
			);
			inputFileListPaths = (
			);
			inputPaths = (
			);
			name = SwiftLint;
			outputFileListPaths = (
			);
			outputPaths = (
			);
			runOnlyForDeploymentPostprocessing = 0;
			shellPath = /bin/sh;
			shellScript = "if which swiftlint >/dev/null; then\n  swiftlint\nelse\n  echo \"warning: SwiftLint not installed, download from https://github.com/realm/SwiftLint\"\nfi\n";
		};
/* End PBXShellScriptBuildPhase section */

/* Begin PBXSourcesBuildPhase section */
		607FACCC1AFB9204008FA782 /* Sources */ = {
			isa = PBXSourcesBuildPhase;
			buildActionMask = 2147483647;
			files = (
				36A6C9FD247FBBDC005F5E7E /* Color+brightness.swift in Sources */,
				36A6CA03247FBC7C005F5E7E /* CardViews.swift in Sources */,
				36A6C9FF247FBC25005F5E7E /* FlowExample.swift in Sources */,
				360BA32B247E87D6006C51FC /* MathOperation.swift in Sources */,
				36A6C9FB247FBB8E005F5E7E /* ColorView.swift in Sources */,
				360BA329247E87AF006C51FC /* CalcButton.swift in Sources */,
				36A6CA0924801EA6005F5E7E /* StartsExample.swift in Sources */,
				36161EBB247EC73C0076173B /* PackingExample.swift in Sources */,
				36161EBD247ECDAD0076173B /* SpacingExample.swift in Sources */,
				36A6CA01247FBC67005F5E7E /* ContentModeExample.swift in Sources */,
				36A6CA05247FBD05005F5E7E /* Helpers.swift in Sources */,
				366A041E29C83BA40059EB43 /* App.swift in Sources */,
				36F6C22A2476D919001818F2 /* Color+hex.swift in Sources */,
				36B11E512475539700CDAE27 /* Calculator.swift in Sources */,
				36A6CA07247FD813005F5E7E /* SpansExample.swift in Sources */,
				366B25072474F78E00F1DD09 /* ContentView.swift in Sources */,
			);
			runOnlyForDeploymentPostprocessing = 0;
		};
/* End PBXSourcesBuildPhase section */

/* Begin PBXVariantGroup section */
		607FACDE1AFB9204008FA782 /* LaunchScreen.xib */ = {
			isa = PBXVariantGroup;
			children = (
				607FACDF1AFB9204008FA782 /* Base */,
			);
			name = LaunchScreen.xib;
			sourceTree = "<group>";
		};
/* End PBXVariantGroup section */

/* Begin XCBuildConfiguration section */
		607FACED1AFB9204008FA782 /* Debug */ = {
			isa = XCBuildConfiguration;
			buildSettings = {
				ALWAYS_SEARCH_USER_PATHS = NO;
				CLANG_CXX_LANGUAGE_STANDARD = "gnu++0x";
				CLANG_CXX_LIBRARY = "libc++";
				CLANG_ENABLE_MODULES = YES;
				CLANG_ENABLE_OBJC_ARC = YES;
				CLANG_WARN_BLOCK_CAPTURE_AUTORELEASING = YES;
				CLANG_WARN_BOOL_CONVERSION = YES;
				CLANG_WARN_COMMA = YES;
				CLANG_WARN_CONSTANT_CONVERSION = YES;
				CLANG_WARN_DEPRECATED_OBJC_IMPLEMENTATIONS = YES;
				CLANG_WARN_DIRECT_OBJC_ISA_USAGE = YES_ERROR;
				CLANG_WARN_EMPTY_BODY = YES;
				CLANG_WARN_ENUM_CONVERSION = YES;
				CLANG_WARN_INFINITE_RECURSION = YES;
				CLANG_WARN_INT_CONVERSION = YES;
				CLANG_WARN_NON_LITERAL_NULL_CONVERSION = YES;
				CLANG_WARN_OBJC_IMPLICIT_RETAIN_SELF = YES;
				CLANG_WARN_OBJC_LITERAL_CONVERSION = YES;
				CLANG_WARN_OBJC_ROOT_CLASS = YES_ERROR;
				CLANG_WARN_QUOTED_INCLUDE_IN_FRAMEWORK_HEADER = YES;
				CLANG_WARN_RANGE_LOOP_ANALYSIS = YES;
				CLANG_WARN_STRICT_PROTOTYPES = YES;
				CLANG_WARN_SUSPICIOUS_MOVE = YES;
				CLANG_WARN_UNREACHABLE_CODE = YES;
				CLANG_WARN__DUPLICATE_METHOD_MATCH = YES;
				"CODE_SIGN_IDENTITY[sdk=iphoneos*]" = "iPhone Developer";
				COPY_PHASE_STRIP = NO;
				DEBUG_INFORMATION_FORMAT = "dwarf-with-dsym";
				ENABLE_STRICT_OBJC_MSGSEND = YES;
				ENABLE_TESTABILITY = YES;
				GCC_C_LANGUAGE_STANDARD = gnu99;
				GCC_DYNAMIC_NO_PIC = NO;
				GCC_NO_COMMON_BLOCKS = YES;
				GCC_OPTIMIZATION_LEVEL = 0;
				GCC_PREPROCESSOR_DEFINITIONS = (
					"DEBUG=1",
					"$(inherited)",
				);
				GCC_SYMBOLS_PRIVATE_EXTERN = NO;
				GCC_WARN_64_TO_32_BIT_CONVERSION = YES;
				GCC_WARN_ABOUT_RETURN_TYPE = YES_ERROR;
				GCC_WARN_UNDECLARED_SELECTOR = YES;
				GCC_WARN_UNINITIALIZED_AUTOS = YES_AGGRESSIVE;
				GCC_WARN_UNUSED_FUNCTION = YES;
				GCC_WARN_UNUSED_VARIABLE = YES;
				IPHONEOS_DEPLOYMENT_TARGET = 14.0;
				MTL_ENABLE_DEBUG_INFO = YES;
				ONLY_ACTIVE_ARCH = YES;
				SDKROOT = iphoneos;
				SWIFT_OPTIMIZATION_LEVEL = "-Onone";
			};
			name = Debug;
		};
		607FACEE1AFB9204008FA782 /* Release */ = {
			isa = XCBuildConfiguration;
			buildSettings = {
				ALWAYS_SEARCH_USER_PATHS = NO;
				CLANG_CXX_LANGUAGE_STANDARD = "gnu++0x";
				CLANG_CXX_LIBRARY = "libc++";
				CLANG_ENABLE_MODULES = YES;
				CLANG_ENABLE_OBJC_ARC = YES;
				CLANG_WARN_BLOCK_CAPTURE_AUTORELEASING = YES;
				CLANG_WARN_BOOL_CONVERSION = YES;
				CLANG_WARN_COMMA = YES;
				CLANG_WARN_CONSTANT_CONVERSION = YES;
				CLANG_WARN_DEPRECATED_OBJC_IMPLEMENTATIONS = YES;
				CLANG_WARN_DIRECT_OBJC_ISA_USAGE = YES_ERROR;
				CLANG_WARN_EMPTY_BODY = YES;
				CLANG_WARN_ENUM_CONVERSION = YES;
				CLANG_WARN_INFINITE_RECURSION = YES;
				CLANG_WARN_INT_CONVERSION = YES;
				CLANG_WARN_NON_LITERAL_NULL_CONVERSION = YES;
				CLANG_WARN_OBJC_IMPLICIT_RETAIN_SELF = YES;
				CLANG_WARN_OBJC_LITERAL_CONVERSION = YES;
				CLANG_WARN_OBJC_ROOT_CLASS = YES_ERROR;
				CLANG_WARN_QUOTED_INCLUDE_IN_FRAMEWORK_HEADER = YES;
				CLANG_WARN_RANGE_LOOP_ANALYSIS = YES;
				CLANG_WARN_STRICT_PROTOTYPES = YES;
				CLANG_WARN_SUSPICIOUS_MOVE = YES;
				CLANG_WARN_UNREACHABLE_CODE = YES;
				CLANG_WARN__DUPLICATE_METHOD_MATCH = YES;
				"CODE_SIGN_IDENTITY[sdk=iphoneos*]" = "iPhone Developer";
				COPY_PHASE_STRIP = NO;
				DEBUG_INFORMATION_FORMAT = "dwarf-with-dsym";
				ENABLE_NS_ASSERTIONS = NO;
				ENABLE_STRICT_OBJC_MSGSEND = YES;
				GCC_C_LANGUAGE_STANDARD = gnu99;
				GCC_NO_COMMON_BLOCKS = YES;
				GCC_WARN_64_TO_32_BIT_CONVERSION = YES;
				GCC_WARN_ABOUT_RETURN_TYPE = YES_ERROR;
				GCC_WARN_UNDECLARED_SELECTOR = YES;
				GCC_WARN_UNINITIALIZED_AUTOS = YES_AGGRESSIVE;
				GCC_WARN_UNUSED_FUNCTION = YES;
				GCC_WARN_UNUSED_VARIABLE = YES;
				IPHONEOS_DEPLOYMENT_TARGET = 14.0;
				MTL_ENABLE_DEBUG_INFO = NO;
				SDKROOT = iphoneos;
				SWIFT_COMPILATION_MODE = wholemodule;
				SWIFT_OPTIMIZATION_LEVEL = "-O";
				VALIDATE_PRODUCT = YES;
			};
			name = Release;
		};
		607FACF01AFB9204008FA782 /* Debug */ = {
			isa = XCBuildConfiguration;
			buildSettings = {
				ASSETCATALOG_COMPILER_APPICON_NAME = AppIcon;
				CURRENT_PROJECT_VERSION = 1.0;
				DEVELOPMENT_TEAM = FZXCM5CJ7P;
				GENERATE_INFOPLIST_FILE = YES;
				INFOPLIST_KEY_UILaunchStoryboardName = LaunchScreen.xib;
				IPHONEOS_DEPLOYMENT_TARGET = 14.0;
				LD_RUNPATH_SEARCH_PATHS = (
					"$(inherited)",
					"@executable_path/Frameworks",
				);
				MACOSX_DEPLOYMENT_TARGET = 11.0;
				MARKETING_VERSION = 1.0;
				MODULE_NAME = ExampleApp;
				PRODUCT_BUNDLE_IDENTIFIER = exyte.GridExample;
				PRODUCT_NAME = Grid_Example;
				SUPPORTED_PLATFORMS = "iphoneos iphonesimulator macosx";
				SUPPORTS_MACCATALYST = NO;
				SUPPORTS_MAC_DESIGNED_FOR_IPHONE_IPAD = NO;
				SWIFT_SWIFT3_OBJC_INFERENCE = Default;
				SWIFT_VERSION = 5.0;
				TARGETED_DEVICE_FAMILY = 1;
			};
			name = Debug;
		};
		607FACF11AFB9204008FA782 /* Release */ = {
			isa = XCBuildConfiguration;
			buildSettings = {
				ASSETCATALOG_COMPILER_APPICON_NAME = AppIcon;
				CURRENT_PROJECT_VERSION = 1.0;
				DEVELOPMENT_TEAM = FZXCM5CJ7P;
				GENERATE_INFOPLIST_FILE = YES;
				INFOPLIST_KEY_UILaunchStoryboardName = LaunchScreen.xib;
				IPHONEOS_DEPLOYMENT_TARGET = 14.0;
				LD_RUNPATH_SEARCH_PATHS = (
					"$(inherited)",
					"@executable_path/Frameworks",
				);
				MACOSX_DEPLOYMENT_TARGET = 11.0;
				MARKETING_VERSION = 1.0;
				MODULE_NAME = ExampleApp;
				PRODUCT_BUNDLE_IDENTIFIER = exyte.GridExample;
				PRODUCT_NAME = Grid_Example;
				SUPPORTED_PLATFORMS = "iphoneos iphonesimulator macosx";
				SUPPORTS_MACCATALYST = NO;
				SUPPORTS_MAC_DESIGNED_FOR_IPHONE_IPAD = NO;
				SWIFT_SWIFT3_OBJC_INFERENCE = Default;
				SWIFT_VERSION = 5.0;
				TARGETED_DEVICE_FAMILY = 1;
			};
			name = Release;
		};
/* End XCBuildConfiguration section */

/* Begin XCConfigurationList section */
		607FACCB1AFB9204008FA782 /* Build configuration list for PBXProject "Example" */ = {
			isa = XCConfigurationList;
			buildConfigurations = (
				607FACED1AFB9204008FA782 /* Debug */,
				607FACEE1AFB9204008FA782 /* Release */,
			);
			defaultConfigurationIsVisible = 0;
			defaultConfigurationName = Release;
		};
		607FACEF1AFB9204008FA782 /* Build configuration list for PBXNativeTarget "Grid_Example" */ = {
			isa = XCConfigurationList;
			buildConfigurations = (
				607FACF01AFB9204008FA782 /* Debug */,
				607FACF11AFB9204008FA782 /* Release */,
			);
			defaultConfigurationIsVisible = 0;
			defaultConfigurationName = Release;
		};
/* End XCConfigurationList section */

/* Begin XCSwiftPackageProductDependency section */
		366A041729C839D90059EB43 /* ExyteGrid */ = {
			isa = XCSwiftPackageProductDependency;
			productName = ExyteGrid;
		};
/* End XCSwiftPackageProductDependency section */
	};
	rootObject = 607FACC81AFB9204008FA782 /* Project object */;
}
